// !$*UTF8*$!
{
	archiveVersion = 1;
	classes = {
	};
	objectVersion = 46;
	objects = {

/* Begin PBXBuildFile section */
		7BAB7AE51C642CFD00111AA8 /* AppDelegate.swift in Sources */ = {isa = PBXBuildFile; fileRef = 7BAB7AE41C642CFD00111AA8 /* AppDelegate.swift */; };
		7BAB7AE71C642CFD00111AA8 /* ViewController.swift in Sources */ = {isa = PBXBuildFile; fileRef = 7BAB7AE61C642CFD00111AA8 /* ViewController.swift */; };
		7BAB7AEA1C642CFD00111AA8 /* Main.storyboard in Resources */ = {isa = PBXBuildFile; fileRef = 7BAB7AE81C642CFD00111AA8 /* Main.storyboard */; };
		7BAB7AEC1C642CFD00111AA8 /* Assets.xcassets in Resources */ = {isa = PBXBuildFile; fileRef = 7BAB7AEB1C642CFD00111AA8 /* Assets.xcassets */; };
		7BAB7AEF1C642CFD00111AA8 /* LaunchScreen.storyboard in Resources */ = {isa = PBXBuildFile; fileRef = 7BAB7AED1C642CFD00111AA8 /* LaunchScreen.storyboard */; };
		7BAB7AF91C642D3300111AA8 /* PanframeSDKWrapper.m in Sources */ = {isa = PBXBuildFile; fileRef = 7BAB7AF81C642D3300111AA8 /* PanframeSDKWrapper.m */; };
		7BAB7AFB1C642D6200111AA8 /* Panframe.framework in Frameworks */ = {isa = PBXBuildFile; fileRef = 7BAB7AFA1C642D6200111AA8 /* Panframe.framework */; };
		7BAB7AFE1C642D9500111AA8 /* CoreMotion.framework in Frameworks */ = {isa = PBXBuildFile; fileRef = 7BAB7AFD1C642D9500111AA8 /* CoreMotion.framework */; };
		7BAB7B001C642D9C00111AA8 /* CoreLocation.framework in Frameworks */ = {isa = PBXBuildFile; fileRef = 7BAB7AFF1C642D9C00111AA8 /* CoreLocation.framework */; };
		7BAB7B021C642DFA00111AA8 /* CoreMedia.framework in Frameworks */ = {isa = PBXBuildFile; fileRef = 7BAB7B011C642DF900111AA8 /* CoreMedia.framework */; };
		7BAB7B041C642E0400111AA8 /* AudioToolbox.framework in Frameworks */ = {isa = PBXBuildFile; fileRef = 7BAB7B031C642E0400111AA8 /* AudioToolbox.framework */; };
/* End PBXBuildFile section */

/* Begin PBXFileReference section */
		7BAB7AE11C642CFD00111AA8 /* TryPanframe.app */ = {isa = PBXFileReference; explicitFileType = wrapper.application; includeInIndex = 0; path = TryPanframe.app; sourceTree = BUILT_PRODUCTS_DIR; };
		7BAB7AE41C642CFD00111AA8 /* AppDelegate.swift */ = {isa = PBXFileReference; lastKnownFileType = sourcecode.swift; path = AppDelegate.swift; sourceTree = "<group>"; };
		7BAB7AE61C642CFD00111AA8 /* ViewController.swift */ = {isa = PBXFileReference; lastKnownFileType = sourcecode.swift; path = ViewController.swift; sourceTree = "<group>"; };
		7BAB7AE91C642CFD00111AA8 /* Base */ = {isa = PBXFileReference; lastKnownFileType = file.storyboard; name = Base; path = Base.lproj/Main.storyboard; sourceTree = "<group>"; };
		7BAB7AEB1C642CFD00111AA8 /* Assets.xcassets */ = {isa = PBXFileReference; lastKnownFileType = folder.assetcatalog; path = Assets.xcassets; sourceTree = "<group>"; };
		7BAB7AEE1C642CFD00111AA8 /* Base */ = {isa = PBXFileReference; lastKnownFileType = file.storyboard; name = Base; path = Base.lproj/LaunchScreen.storyboard; sourceTree = "<group>"; };
		7BAB7AF01C642CFD00111AA8 /* Info.plist */ = {isa = PBXFileReference; lastKnownFileType = text.plist.xml; path = Info.plist; sourceTree = "<group>"; };
		7BAB7AF61C642D3200111AA8 /* TryPanframe-Bridging-Header.h */ = {isa = PBXFileReference; lastKnownFileType = sourcecode.c.h; path = "TryPanframe-Bridging-Header.h"; sourceTree = "<group>"; };
		7BAB7AF71C642D3300111AA8 /* PanframeSDKWrapper.h */ = {isa = PBXFileReference; fileEncoding = 4; lastKnownFileType = sourcecode.c.h; path = PanframeSDKWrapper.h; sourceTree = "<group>"; };
		7BAB7AF81C642D3300111AA8 /* PanframeSDKWrapper.m */ = {isa = PBXFileReference; fileEncoding = 4; lastKnownFileType = sourcecode.c.objc; path = PanframeSDKWrapper.m; sourceTree = "<group>"; };
		7BAB7AFA1C642D6200111AA8 /* Panframe.framework */ = {isa = PBXFileReference; lastKnownFileType = wrapper.framework; path = Panframe.framework; sourceTree = "<group>"; };
		7BAB7AFD1C642D9500111AA8 /* CoreMotion.framework */ = {isa = PBXFileReference; lastKnownFileType = wrapper.framework; name = CoreMotion.framework; path = System/Library/Frameworks/CoreMotion.framework; sourceTree = SDKROOT; };
		7BAB7AFF1C642D9C00111AA8 /* CoreLocation.framework */ = {isa = PBXFileReference; lastKnownFileType = wrapper.framework; name = CoreLocation.framework; path = System/Library/Frameworks/CoreLocation.framework; sourceTree = SDKROOT; };
		7BAB7B011C642DF900111AA8 /* CoreMedia.framework */ = {isa = PBXFileReference; lastKnownFileType = wrapper.framework; name = CoreMedia.framework; path = System/Library/Frameworks/CoreMedia.framework; sourceTree = SDKROOT; };
		7BAB7B031C642E0400111AA8 /* AudioToolbox.framework */ = {isa = PBXFileReference; lastKnownFileType = wrapper.framework; name = AudioToolbox.framework; path = System/Library/Frameworks/AudioToolbox.framework; sourceTree = SDKROOT; };
/* End PBXFileReference section */

/* Begin PBXFrameworksBuildPhase section */
		7BAB7ADE1C642CFD00111AA8 /* Frameworks */ = {
			isa = PBXFrameworksBuildPhase;
			buildActionMask = 2147483647;
			files = (
				7BAB7B041C642E0400111AA8 /* AudioToolbox.framework in Frameworks */,
				7BAB7B021C642DFA00111AA8 /* CoreMedia.framework in Frameworks */,
				7BAB7B001C642D9C00111AA8 /* CoreLocation.framework in Frameworks */,
				7BAB7AFE1C642D9500111AA8 /* CoreMotion.framework in Frameworks */,
				7BAB7AFB1C642D6200111AA8 /* Panframe.framework in Frameworks */,
			);
			runOnlyForDeploymentPostprocessing = 0;
		};
/* End PBXFrameworksBuildPhase section */

/* Begin PBXGroup section */
		7BAB7AD81C642CFD00111AA8 = {
			isa = PBXGroup;
			children = (
				7BAB7AE31C642CFD00111AA8 /* TryPanframe */,
				7BAB7AE21C642CFD00111AA8 /* Products */,
			);
			sourceTree = "<group>";
		};
		7BAB7AE21C642CFD00111AA8 /* Products */ = {
			isa = PBXGroup;
			children = (
				7BAB7AE11C642CFD00111AA8 /* TryPanframe.app */,
			);
			name = Products;
			sourceTree = "<group>";
		};
		7BAB7AE31C642CFD00111AA8 /* TryPanframe */ = {
			isa = PBXGroup;
			children = (
				7BAB7AFC1C642D6A00111AA8 /* Frameworks */,
				7BAB7AE41C642CFD00111AA8 /* AppDelegate.swift */,
				7BAB7AE61C642CFD00111AA8 /* ViewController.swift */,
				7BAB7AF71C642D3300111AA8 /* PanframeSDKWrapper.h */,
				7BAB7AF81C642D3300111AA8 /* PanframeSDKWrapper.m */,
				7BAB7AE81C642CFD00111AA8 /* Main.storyboard */,
				7BAB7AEB1C642CFD00111AA8 /* Assets.xcassets */,
				7BAB7AED1C642CFD00111AA8 /* LaunchScreen.storyboard */,
				7BAB7AF01C642CFD00111AA8 /* Info.plist */,
				7BAB7AF61C642D3200111AA8 /* TryPanframe-Bridging-Header.h */,
			);
			path = TryPanframe;
			sourceTree = "<group>";
		};
		7BAB7AFC1C642D6A00111AA8 /* Frameworks */ = {
			isa = PBXGroup;
			children = (
				7BAB7B031C642E0400111AA8 /* AudioToolbox.framework */,
				7BAB7B011C642DF900111AA8 /* CoreMedia.framework */,
				7BAB7AFF1C642D9C00111AA8 /* CoreLocation.framework */,
				7BAB7AFD1C642D9500111AA8 /* CoreMotion.framework */,
				7BAB7AFA1C642D6200111AA8 /* Panframe.framework */,
			);
			name = Frameworks;
			sourceTree = "<group>";
		};
/* End PBXGroup section */

/* Begin PBXNativeTarget section */
		7BAB7AE01C642CFD00111AA8 /* TryPanframe */ = {
			isa = PBXNativeTarget;
			buildConfigurationList = 7BAB7AF31C642CFD00111AA8 /* Build configuration list for PBXNativeTarget "TryPanframe" */;
			buildPhases = (
				7BAB7ADD1C642CFD00111AA8 /* Sources */,
				7BAB7ADE1C642CFD00111AA8 /* Frameworks */,
				7BAB7ADF1C642CFD00111AA8 /* Resources */,
			);
			buildRules = (
			);
			dependencies = (
			);
			name = TryPanframe;
			productName = TryPanframe;
			productReference = 7BAB7AE11C642CFD00111AA8 /* TryPanframe.app */;
			productType = "com.apple.product-type.application";
		};
/* End PBXNativeTarget section */

/* Begin PBXProject section */
		7BAB7AD91C642CFD00111AA8 /* Project object */ = {
			isa = PBXProject;
			attributes = {
				LastSwiftUpdateCheck = 0720;
				LastUpgradeCheck = 0720;
				ORGANIZATIONNAME = "Nobuo Danjou";
				TargetAttributes = {
					7BAB7AE01C642CFD00111AA8 = {
						CreatedOnToolsVersion = 7.2;
					};
				};
			};
			buildConfigurationList = 7BAB7ADC1C642CFD00111AA8 /* Build configuration list for PBXProject "TryPanframe" */;
			compatibilityVersion = "Xcode 3.2";
			developmentRegion = English;
			hasScannedForEncodings = 0;
			knownRegions = (
				en,
				Base,
			);
			mainGroup = 7BAB7AD81C642CFD00111AA8;
			productRefGroup = 7BAB7AE21C642CFD00111AA8 /* Products */;
			projectDirPath = "";
			projectRoot = "";
			targets = (
				7BAB7AE01C642CFD00111AA8 /* TryPanframe */,
			);
		};
/* End PBXProject section */

/* Begin PBXResourcesBuildPhase section */
		7BAB7ADF1C642CFD00111AA8 /* Resources */ = {
			isa = PBXResourcesBuildPhase;
			buildActionMask = 2147483647;
			files = (
				7BAB7AEF1C642CFD00111AA8 /* LaunchScreen.storyboard in Resources */,
				7BAB7AEC1C642CFD00111AA8 /* Assets.xcassets in Resources */,
				7BAB7AEA1C642CFD00111AA8 /* Main.storyboard in Resources */,
			);
			runOnlyForDeploymentPostprocessing = 0;
		};
/* End PBXResourcesBuildPhase section */

/* Begin PBXSourcesBuildPhase section */
		7BAB7ADD1C642CFD00111AA8 /* Sources */ = {
			isa = PBXSourcesBuildPhase;
			buildActionMask = 2147483647;
			files = (
				7BAB7AE71C642CFD00111AA8 /* ViewController.swift in Sources */,
				7BAB7AE51C642CFD00111AA8 /* AppDelegate.swift in Sources */,
				7BAB7AF91C642D3300111AA8 /* PanframeSDKWrapper.m in Sources */,
			);
			runOnlyForDeploymentPostprocessing = 0;
		};
/* End PBXSourcesBuildPhase section */

/* Begin PBXVariantGroup section */
		7BAB7AE81C642CFD00111AA8 /* Main.storyboard */ = {
			isa = PBXVariantGroup;
			children = (
				7BAB7AE91C642CFD00111AA8 /* Base */,
			);
			name = Main.storyboard;
			sourceTree = "<group>";
		};
		7BAB7AED1C642CFD00111AA8 /* LaunchScreen.storyboard */ = {
			isa = PBXVariantGroup;
			children = (
				7BAB7AEE1C642CFD00111AA8 /* Base */,
			);
			name = LaunchScreen.storyboard;
			sourceTree = "<group>";
		};
/* End PBXVariantGroup section */

/* Begin XCBuildConfiguration section */
		7BAB7AF11C642CFD00111AA8 /* Debug */ = {
			isa = XCBuildConfiguration;
			buildSettings = {
				ALWAYS_SEARCH_USER_PATHS = NO;
				CLANG_CXX_LANGUAGE_STANDARD = "gnu++0x";
				CLANG_CXX_LIBRARY = "libc++";
				CLANG_ENABLE_MODULES = YES;
				CLANG_ENABLE_OBJC_ARC = YES;
				CLANG_WARN_BOOL_CONVERSION = YES;
				CLANG_WARN_CONSTANT_CONVERSION = YES;
				CLANG_WARN_DIRECT_OBJC_ISA_USAGE = YES_ERROR;
				CLANG_WARN_EMPTY_BODY = YES;
				CLANG_WARN_ENUM_CONVERSION = YES;
				CLANG_WARN_INT_CONVERSION = YES;
				CLANG_WARN_OBJC_ROOT_CLASS = YES_ERROR;
				CLANG_WARN_UNREACHABLE_CODE = YES;
				CLANG_WARN__DUPLICATE_METHOD_MATCH = YES;
				"CODE_SIGN_IDENTITY[sdk=iphoneos*]" = "iPhone Developer";
				COPY_PHASE_STRIP = NO;
				DEBUG_INFORMATION_FORMAT = dwarf;
				ENABLE_STRICT_OBJC_MSGSEND = YES;
				ENABLE_TESTABILITY = YES;
				GCC_C_LANGUAGE_STANDARD = gnu99;
				GCC_DYNAMIC_NO_PIC = NO;
				GCC_NO_COMMON_BLOCKS = YES;
				GCC_OPTIMIZATION_LEVEL = 0;
				GCC_PREPROCESSOR_DEFINITIONS = (
					"DEBUG=1",
					"$(inherited)",
				);
				GCC_WARN_64_TO_32_BIT_CONVERSION = YES;
				GCC_WARN_ABOUT_RETURN_TYPE = YES_ERROR;
				GCC_WARN_UNDECLARED_SELECTOR = YES;
				GCC_WARN_UNINITIALIZED_AUTOS = YES_AGGRESSIVE;
				GCC_WARN_UNUSED_FUNCTION = YES;
				GCC_WARN_UNUSED_VARIABLE = YES;
				IPHONEOS_DEPLOYMENT_TARGET = 9.2;
				MTL_ENABLE_DEBUG_INFO = YES;
				ONLY_ACTIVE_ARCH = YES;
				SDKROOT = iphoneos;
				SWIFT_OPTIMIZATION_LEVEL = "-Onone";
			};
			name = Debug;
		};
		7BAB7AF21C642CFD00111AA8 /* Release */ = {
			isa = XCBuildConfiguration;
			buildSettings = {
				ALWAYS_SEARCH_USER_PATHS = NO;
				CLANG_CXX_LANGUAGE_STANDARD = "gnu++0x";
				CLANG_CXX_LIBRARY = "libc++";
				CLANG_ENABLE_MODULES = YES;
				CLANG_ENABLE_OBJC_ARC = YES;
				CLANG_WARN_BOOL_CONVERSION = YES;
				CLANG_WARN_CONSTANT_CONVERSION = YES;
				CLANG_WARN_DIRECT_OBJC_ISA_USAGE = YES_ERROR;
				CLANG_WARN_EMPTY_BODY = YES;
				CLANG_WARN_ENUM_CONVERSION = YES;
				CLANG_WARN_INT_CONVERSION = YES;
				CLANG_WARN_OBJC_ROOT_CLASS = YES_ERROR;
				CLANG_WARN_UNREACHABLE_CODE = YES;
				CLANG_WARN__DUPLICATE_METHOD_MATCH = YES;
				"CODE_SIGN_IDENTITY[sdk=iphoneos*]" = "iPhone Developer";
				COPY_PHASE_STRIP = NO;
				DEBUG_INFORMATION_FORMAT = "dwarf-with-dsym";
				ENABLE_NS_ASSERTIONS = NO;
				ENABLE_STRICT_OBJC_MSGSEND = YES;
				GCC_C_LANGUAGE_STANDARD = gnu99;
				GCC_NO_COMMON_BLOCKS = YES;
				GCC_WARN_64_TO_32_BIT_CONVERSION = YES;
				GCC_WARN_ABOUT_RETURN_TYPE = YES_ERROR;
				GCC_WARN_UNDECLARED_SELECTOR = YES;
				GCC_WARN_UNINITIALIZED_AUTOS = YES_AGGRESSIVE;
				GCC_WARN_UNUSED_FUNCTION = YES;
				GCC_WARN_UNUSED_VARIABLE = YES;
				IPHONEOS_DEPLOYMENT_TARGET = 9.2;
				MTL_ENABLE_DEBUG_INFO = NO;
				SDKROOT = iphoneos;
				VALIDATE_PRODUCT = YES;
			};
			name = Release;
		};
		7BAB7AF41C642CFD00111AA8 /* Debug */ = {
			isa = XCBuildConfiguration;
			buildSettings = {
				ASSETCATALOG_COMPILER_APPICON_NAME = AppIcon;
				CLANG_ENABLE_MODULES = YES;
				FRAMEWORK_SEARCH_PATHS = (
					"$(inherited)",
					"$(PROJECT_DIR)/TryPanframe",
				);
				INFOPLIST_FILE = TryPanframe/Info.plist;
				LD_RUNPATH_SEARCH_PATHS = "$(inherited) @executable_path/Frameworks";
				PRODUCT_BUNDLE_IDENTIFIER = org.soffritto.TryPanframe;
				PRODUCT_NAME = "$(TARGET_NAME)";
				SWIFT_OBJC_BRIDGING_HEADER = "TryPanframe/TryPanframe-Bridging-Header.h";
				SWIFT_OPTIMIZATION_LEVEL = "-Onone";
			};
			name = Debug;
		};
		7BAB7AF51C642CFD00111AA8 /* Release */ = {
			isa = XCBuildConfiguration;
			buildSettings = {
				ASSETCATALOG_COMPILER_APPICON_NAME = AppIcon;
				CLANG_ENABLE_MODULES = YES;
				FRAMEWORK_SEARCH_PATHS = (
					"$(inherited)",
					"$(PROJECT_DIR)/TryPanframe",
				);
				INFOPLIST_FILE = TryPanframe/Info.plist;
				LD_RUNPATH_SEARCH_PATHS = "$(inherited) @executable_path/Frameworks";
				PRODUCT_BUNDLE_IDENTIFIER = org.soffritto.TryPanframe;
				PRODUCT_NAME = "$(TARGET_NAME)";
				SWIFT_OBJC_BRIDGING_HEADER = "TryPanframe/TryPanframe-Bridging-Header.h";
			};
			name = Release;
		};
/* End XCBuildConfiguration section */

/* Begin XCConfigurationList section */
		7BAB7ADC1C642CFD00111AA8 /* Build configuration list for PBXProject "TryPanframe" */ = {
			isa = XCConfigurationList;
			buildConfigurations = (
				7BAB7AF11C642CFD00111AA8 /* Debug */,
				7BAB7AF21C642CFD00111AA8 /* Release */,
			);
			defaultConfigurationIsVisible = 0;
			defaultConfigurationName = Release;
		};
		7BAB7AF31C642CFD00111AA8 /* Build configuration list for PBXNativeTarget "TryPanframe" */ = {
			isa = XCConfigurationList;
			buildConfigurations = (
				7BAB7AF41C642CFD00111AA8 /* Debug */,
				7BAB7AF51C642CFD00111AA8 /* Release */,
			);
			defaultConfigurationIsVisible = 0;
		};
/* End XCConfigurationList section */
	};
	rootObject = 7BAB7AD91C642CFD00111AA8 /* Project object */;
}
